
Microsoft Visual Studio Solution File, Format Version 12.00
# Visual Studio 2013
VisualStudioVersion = 12.0.31101.0
MinimumVisualStudioVersion = 10.0.40219.1
Project("{FAE04EC0-301F-11D3-BF4B-00C04F79EFBC}") = "Fesslersoft.Extensions", "Fesslersoft.Extensions\Fesslersoft.Extensions.csproj", "{D612547C-A97E-4923-B58E-8EE4FB6D7243}"
EndProject
Project("{FAE04EC0-301F-11D3-BF4B-00C04F79EFBC}") = "Fesslersoft.Extensions.Tests", "Fesslersoft.Extensions.Tests\Fesslersoft.Extensions.Tests.csproj", "{21CB701C-62E1-4C7C-B380-B6A021CB6D52}"
EndProject
Global
	GlobalSection(SolutionConfigurationPlatforms) = preSolution
		Debug|Any CPU = Debug|Any CPU
		Release|Any CPU = Release|Any CPU
	EndGlobalSection
	GlobalSection(ProjectConfigurationPlatforms) = postSolution
		{D612547C-A97E-4923-B58E-8EE4FB6D7243}.Debug|Any CPU.ActiveCfg = Debug|Any CPU
		{D612547C-A97E-4923-B58E-8EE4FB6D7243}.Debug|Any CPU.Build.0 = Debug|Any CPU
		{D612547C-A97E-4923-B58E-8EE4FB6D7243}.Release|Any CPU.ActiveCfg = Release|Any CPU
		{D612547C-A97E-4923-B58E-8EE4FB6D7243}.Release|Any CPU.Build.0 = Release|Any CPU
		{21CB701C-62E1-4C7C-B380-B6A021CB6D52}.Debug|Any CPU.ActiveCfg = Debug|Any CPU
		{21CB701C-62E1-4C7C-B380-B6A021CB6D52}.Debug|Any CPU.Build.0 = Debug|Any CPU
		{21CB701C-62E1-4C7C-B380-B6A021CB6D52}.Release|Any CPU.ActiveCfg = Release|Any CPU
		{21CB701C-62E1-4C7C-B380-B6A021CB6D52}.Release|Any CPU.Build.0 = Release|Any CPU
	EndGlobalSection
	GlobalSection(SolutionProperties) = preSolution
		HideSolutionNode = FALSE
	EndGlobalSection
EndGlobal
